
Microsoft Visual Studio Solution File, Format Version 12.00
# Visual Studio Version 17
VisualStudioVersion = 17.8.34511.84
MinimumVisualStudioVersion = 10.0.40219.1
Project("{FAE04EC0-301F-11D3-BF4B-00C04F79EFBC}") = "CS_WPF_ManagerPassword", "CS_WPF_ManagerPassword\CS_WPF_ManagerPassword.csproj", "{230C7986-88F9-4A98-B704-E811478E22F5}"
EndProject
Global
	GlobalSection(SolutionConfigurationPlatforms) = preSolution
		Debug|Any CPU = Debug|Any CPU
		Release|Any CPU = Release|Any CPU
	EndGlobalSection
	GlobalSection(ProjectConfigurationPlatforms) = postSolution
		{230C7986-88F9-4A98-B704-E811478E22F5}.Debug|Any CPU.ActiveCfg = Debug|Any CPU
		{230C7986-88F9-4A98-B704-E811478E22F5}.Debug|Any CPU.Build.0 = Debug|Any CPU
		{230C7986-88F9-4A98-B704-E811478E22F5}.Release|Any CPU.ActiveCfg = Release|Any CPU
		{230C7986-88F9-4A98-B704-E811478E22F5}.Release|Any CPU.Build.0 = Release|Any CPU
	EndGlobalSection
	GlobalSection(SolutionProperties) = preSolution
		HideSolutionNode = FALSE
	EndGlobalSection
	GlobalSection(ExtensibilityGlobals) = postSolution
		SolutionGuid = {1BB650B9-4D06-490E-B37C-1D902435DCD5}
	EndGlobalSection
EndGlobal
